{
  "name": "hello",
  "version": "1.0.0",
  "lockfileVersion": 1,
  "requires": true,
  "dependencies": {
    "mini-ddui": {
      "version": "0.0.6",
      "resolved": "https://registry.npmjs.org/mini-ddui/-/mini-ddui-0.0.6.tgz",
      "integrity": "sha512-9KFWmvAKIv2pLGlRU+9lG7nwLQKGSB/EhoQqw46B1huhHGRKSdtiWe4Zm92Gp/ioruqnjgNELqBvnn2za0gWAA=="
    }
  }
}
